
Microsoft Visual Studio Solution File, Format Version 12.00
# Visual Studio Version 16
VisualStudioVersion = 16.0.31729.503
MinimumVisualStudioVersion = 10.0.40219.1
Project("{F184B08F-C81C-45F6-A57F-5ABD9991F28F}") = "Contact Tracing Form", "Contact Tracing Form.vbproj", "{3B7D357B-0D83-436C-932D-4BDC1A22B546}"
EndProject
Global
	GlobalSection(SolutionConfigurationPlatforms) = preSolution
		Debug|Any CPU = Debug|Any CPU
		Release|Any CPU = Release|Any CPU
	EndGlobalSection
	GlobalSection(ProjectConfigurationPlatforms) = postSolution
		{3B7D357B-0D83-436C-932D-4BDC1A22B546}.Debug|Any CPU.ActiveCfg = Debug|Any CPU
		{3B7D357B-0D83-436C-932D-4BDC1A22B546}.Debug|Any CPU.Build.0 = Debug|Any CPU
		{3B7D357B-0D83-436C-932D-4BDC1A22B546}.Release|Any CPU.ActiveCfg = Release|Any CPU
		{3B7D357B-0D83-436C-932D-4BDC1A22B546}.Release|Any CPU.Build.0 = Release|Any CPU
	EndGlobalSection
	GlobalSection(SolutionProperties) = preSolution
		HideSolutionNode = FALSE
	EndGlobalSection
	GlobalSection(ExtensibilityGlobals) = postSolution
		SolutionGuid = {52FEDA6E-C252-4B87-9893-E416D68680A6}
	EndGlobalSection
EndGlobal
